
Microsoft Visual Studio Solution File, Format Version 12.00
# Visual Studio 2012
Project("{FAE04EC0-301F-11D3-BF4B-00C04F79EFBC}") = "SearchForm", "SearchForm\SearchForm.csproj", "{9726B385-E27B-455E-9922-F52F9BF2F0C3}"
EndProject
Global
	GlobalSection(SolutionConfigurationPlatforms) = preSolution
		Debug|Any CPU = Debug|Any CPU
		Release|Any CPU = Release|Any CPU
	EndGlobalSection
	GlobalSection(ProjectConfigurationPlatforms) = postSolution
		{9726B385-E27B-455E-9922-F52F9BF2F0C3}.Debug|Any CPU.ActiveCfg = Debug|Any CPU
		{9726B385-E27B-455E-9922-F52F9BF2F0C3}.Debug|Any CPU.Build.0 = Debug|Any CPU
		{9726B385-E27B-455E-9922-F52F9BF2F0C3}.Release|Any CPU.ActiveCfg = Release|Any CPU
		{9726B385-E27B-455E-9922-F52F9BF2F0C3}.Release|Any CPU.Build.0 = Release|Any CPU
	EndGlobalSection
	GlobalSection(SolutionProperties) = preSolution
		HideSolutionNode = FALSE
	EndGlobalSection
EndGlobal
